// !$*UTF8*$!
{
	archiveVersion = 1;
	classes = {
	};
	objectVersion = 46;
	objects = {

/* Begin PBXBuildFile section */
		69525C7D1336B73B00C433C3 /* Cocoa.framework in Frameworks */ = {isa = PBXBuildFile; fileRef = 69525C7C1336B73B00C433C3 /* Cocoa.framework */; };
		69525C871336B73C00C433C3 /* InfoPlist.strings in Resources */ = {isa = PBXBuildFile; fileRef = 69525C851336B73C00C433C3 /* InfoPlist.strings */; };
		69525C8A1336B73C00C433C3 /* main.m in Sources */ = {isa = PBXBuildFile; fileRef = 69525C891336B73C00C433C3 /* main.m */; };
		69525C8D1336B73C00C433C3 /* Credits.rtf in Resources */ = {isa = PBXBuildFile; fileRef = 69525C8B1336B73C00C433C3 /* Credits.rtf */; };
		69525C901336B73C00C433C3 /* LocalizateAppDelegate.m in Sources */ = {isa = PBXBuildFile; fileRef = 69525C8F1336B73C00C433C3 /* LocalizateAppDelegate.m */; };
		69525C931336B73C00C433C3 /* MainMenu.xib in Resources */ = {isa = PBXBuildFile; fileRef = 69525C911336B73C00C433C3 /* MainMenu.xib */; };
		69525C9A1336B73C00C433C3 /* Cocoa.framework in Frameworks */ = {isa = PBXBuildFile; fileRef = 69525C7C1336B73B00C433C3 /* Cocoa.framework */; };
		69525CA21336B73C00C433C3 /* InfoPlist.strings in Resources */ = {isa = PBXBuildFile; fileRef = 69525CA01336B73C00C433C3 /* InfoPlist.strings */; };
		69525CA51336B73C00C433C3 /* LocalizateTests.h in Resources */ = {isa = PBXBuildFile; fileRef = 69525CA41336B73C00C433C3 /* LocalizateTests.h */; };
		69525CA71336B73C00C433C3 /* LocalizateTests.m in Sources */ = {isa = PBXBuildFile; fileRef = 69525CA61336B73C00C433C3 /* LocalizateTests.m */; };
/* End PBXBuildFile section */

/* Begin PBXContainerItemProxy section */
		69525C9B1336B73C00C433C3 /* PBXContainerItemProxy */ = {
			isa = PBXContainerItemProxy;
			containerPortal = 69525C6F1336B73B00C433C3 /* Project object */;
			proxyType = 1;
			remoteGlobalIDString = 69525C771336B73B00C433C3;
			remoteInfo = Localizate;
		};
/* End PBXContainerItemProxy section */

/* Begin PBXFileReference section */
		69525C781336B73B00C433C3 /* Localizate.app */ = {isa = PBXFileReference; explicitFileType = wrapper.application; includeInIndex = 0; path = Localizate.app; sourceTree = BUILT_PRODUCTS_DIR; };
		69525C7C1336B73B00C433C3 /* Cocoa.framework */ = {isa = PBXFileReference; lastKnownFileType = wrapper.framework; name = Cocoa.framework; path = System/Library/Frameworks/Cocoa.framework; sourceTree = SDKROOT; };
		69525C7F1336B73B00C433C3 /* AppKit.framework */ = {isa = PBXFileReference; lastKnownFileType = wrapper.framework; name = AppKit.framework; path = System/Library/Frameworks/AppKit.framework; sourceTree = SDKROOT; };
		69525C801336B73B00C433C3 /* CoreData.framework */ = {isa = PBXFileReference; lastKnownFileType = wrapper.framework; name = CoreData.framework; path = System/Library/Frameworks/CoreData.framework; sourceTree = SDKROOT; };
		69525C811336B73B00C433C3 /* Foundation.framework */ = {isa = PBXFileReference; lastKnownFileType = wrapper.framework; name = Foundation.framework; path = System/Library/Frameworks/Foundation.framework; sourceTree = SDKROOT; };
		69525C841336B73C00C433C3 /* Localizate-Info.plist */ = {isa = PBXFileReference; path = "Localizate-Info.plist"; sourceTree = "<group>"; };
		69525C861336B73C00C433C3 /* en */ = {isa = PBXFileReference; lastKnownFileType = text.plist.strings; name = en; path = en.lproj/InfoPlist.strings; sourceTree = "<group>"; };
		69525C881336B73C00C433C3 /* Localizate-Prefix.pch */ = {isa = PBXFileReference; path = "Localizate-Prefix.pch"; sourceTree = "<group>"; };
		69525C891336B73C00C433C3 /* main.m */ = {isa = PBXFileReference; lastKnownFileType = sourcecode.c.objc; path = main.m; sourceTree = "<group>"; };
		69525C8C1336B73C00C433C3 /* en */ = {isa = PBXFileReference; lastKnownFileType = text.rtf; name = en; path = en.lproj/Credits.rtf; sourceTree = "<group>"; };
		69525C8E1336B73C00C433C3 /* LocalizateAppDelegate.h */ = {isa = PBXFileReference; path = LocalizateAppDelegate.h; sourceTree = "<group>"; };
		69525C8F1336B73C00C433C3 /* LocalizateAppDelegate.m */ = {isa = PBXFileReference; lastKnownFileType = sourcecode.c.objc; path = LocalizateAppDelegate.m; sourceTree = "<group>"; };
		69525C921336B73C00C433C3 /* en */ = {isa = PBXFileReference; lastKnownFileType = file.xib; name = en; path = en.lproj/MainMenu.xib; sourceTree = "<group>"; };
		69525C991336B73C00C433C3 /* LocalizateTests.octest */ = {isa = PBXFileReference; explicitFileType = wrapper.cfbundle; includeInIndex = 0; path = LocalizateTests.octest; sourceTree = BUILT_PRODUCTS_DIR; };
		69525C9F1336B73C00C433C3 /* LocalizateTests-Info.plist */ = {isa = PBXFileReference; path = "LocalizateTests-Info.plist"; sourceTree = "<group>"; };
		69525CA11336B73C00C433C3 /* en */ = {isa = PBXFileReference; lastKnownFileType = text.plist.strings; name = en; path = en.lproj/InfoPlist.strings; sourceTree = "<group>"; };
		69525CA31336B73C00C433C3 /* LocalizateTests-Prefix.pch */ = {isa = PBXFileReference; path = "LocalizateTests-Prefix.pch"; sourceTree = "<group>"; };
		69525CA41336B73C00C433C3 /* LocalizateTests.h */ = {isa = PBXFileReference; lastKnownFileType = sourcecode.c.h; path = LocalizateTests.h; sourceTree = "<group>"; };
		69525CA61336B73C00C433C3 /* LocalizateTests.m */ = {isa = PBXFileReference; lastKnownFileType = sourcecode.c.objc; path = LocalizateTests.m; sourceTree = "<group>"; };
/* End PBXFileReference section */

/* Begin PBXFrameworksBuildPhase section */
		69525C751336B73B00C433C3 /* Frameworks */ = {
			isa = PBXFrameworksBuildPhase;
			buildActionMask = 2147483647;
			files = (
				69525C7D1336B73B00C433C3 /* Cocoa.framework in Frameworks */,
			);
			runOnlyForDeploymentPostprocessing = 0;
		};
		69525C951336B73C00C433C3 /* Frameworks */ = {
			isa = PBXFrameworksBuildPhase;
			buildActionMask = 2147483647;
			files = (
				69525C9A1336B73C00C433C3 /* Cocoa.framework in Frameworks */,
			);
			runOnlyForDeploymentPostprocessing = 0;
		};
/* End PBXFrameworksBuildPhase section */

/* Begin PBXGroup section */
		69525C6D1336B73B00C433C3 = {
			isa = PBXGroup;
			children = (
				69525C821336B73B00C433C3 /* Localizate */,
				69525C9D1336B73C00C433C3 /* LocalizateTests */,
				69525C7B1336B73B00C433C3 /* Frameworks */,
				69525C791336B73B00C433C3 /* Products */,
			);
			sourceTree = "<group>";
		};
		69525C791336B73B00C433C3 /* Products */ = {
			isa = PBXGroup;
			children = (
				69525C781336B73B00C433C3 /* Localizate.app */,
				69525C991336B73C00C433C3 /* LocalizateTests.octest */,
			);
			name = Products;
			sourceTree = "<group>";
		};
		69525C7B1336B73B00C433C3 /* Frameworks */ = {
			isa = PBXGroup;
			children = (
				69525C7C1336B73B00C433C3 /* Cocoa.framework */,
				69525C7E1336B73B00C433C3 /* Other Frameworks */,
			);
			name = Frameworks;
			sourceTree = "<group>";
		};
		69525C7E1336B73B00C433C3 /* Other Frameworks */ = {
			isa = PBXGroup;
			children = (
				69525C7F1336B73B00C433C3 /* AppKit.framework */,
				69525C801336B73B00C433C3 /* CoreData.framework */,
				69525C811336B73B00C433C3 /* Foundation.framework */,
			);
			name = "Other Frameworks";
			sourceTree = "<group>";
		};
		69525C821336B73B00C433C3 /* Localizate */ = {
			isa = PBXGroup;
			children = (
				69525C8E1336B73C00C433C3 /* LocalizateAppDelegate.h */,
				69525C8F1336B73C00C433C3 /* LocalizateAppDelegate.m */,
				69525C911336B73C00C433C3 /* MainMenu.xib */,
				69525C831336B73C00C433C3 /* Supporting Files */,
			);
			path = Localizate;
			sourceTree = "<group>";
		};
		69525C831336B73C00C433C3 /* Supporting Files */ = {
			isa = PBXGroup;
			children = (
				69525C841336B73C00C433C3 /* Localizate-Info.plist */,
				69525C851336B73C00C433C3 /* InfoPlist.strings */,
				69525C881336B73C00C433C3 /* Localizate-Prefix.pch */,
				69525C891336B73C00C433C3 /* main.m */,
				69525C8B1336B73C00C433C3 /* Credits.rtf */,
			);
			name = "Supporting Files";
			sourceTree = "<group>";
		};
		69525C9D1336B73C00C433C3 /* LocalizateTests */ = {
			isa = PBXGroup;
			children = (
				69525CA41336B73C00C433C3 /* LocalizateTests.h */,
				69525CA61336B73C00C433C3 /* LocalizateTests.m */,
				69525C9E1336B73C00C433C3 /* Supporting Files */,
			);
			path = LocalizateTests;
			sourceTree = "<group>";
		};
		69525C9E1336B73C00C433C3 /* Supporting Files */ = {
			isa = PBXGroup;
			children = (
				69525C9F1336B73C00C433C3 /* LocalizateTests-Info.plist */,
				69525CA01336B73C00C433C3 /* InfoPlist.strings */,
				69525CA31336B73C00C433C3 /* LocalizateTests-Prefix.pch */,
			);
			name = "Supporting Files";
			sourceTree = "<group>";
		};
/* End PBXGroup section */

/* Begin PBXNativeTarget section */
		69525C771336B73B00C433C3 /* Localizate */ = {
			isa = PBXNativeTarget;
			buildConfigurationList = 69525CAA1336B73C00C433C3 /* Build configuration list for PBXNativeTarget "Localizate" */;
			buildPhases = (
				69525C741336B73B00C433C3 /* Sources */,
				69525C751336B73B00C433C3 /* Frameworks */,
				69525C761336B73B00C433C3 /* Resources */,
			);
			buildRules = (
			);
			dependencies = (
			);
			name = Localizate;
			productName = Localizate;
			productReference = 69525C781336B73B00C433C3 /* Localizate.app */;
			productType = "com.apple.product-type.application";
		};
		69525C981336B73C00C433C3 /* LocalizateTests */ = {
			isa = PBXNativeTarget;
			buildConfigurationList = 69525CAD1336B73C00C433C3 /* Build configuration list for PBXNativeTarget "LocalizateTests" */;
			buildPhases = (
				69525C941336B73C00C433C3 /* Sources */,
				69525C951336B73C00C433C3 /* Frameworks */,
				69525C961336B73C00C433C3 /* Resources */,
				69525C971336B73C00C433C3 /* ShellScript */,
			);
			buildRules = (
			);
			dependencies = (
				69525C9C1336B73C00C433C3 /* PBXTargetDependency */,
			);
			name = LocalizateTests;
			productName = LocalizateTests;
			productReference = 69525C991336B73C00C433C3 /* LocalizateTests.octest */;
			productType = "com.apple.product-type.bundle";
		};
/* End PBXNativeTarget section */

/* Begin PBXProject section */
		69525C6F1336B73B00C433C3 /* Project object */ = {
			isa = PBXProject;
			attributes = {
				ORGANIZATIONNAME = "Quadupède";
			};
			buildConfigurationList = 69525C721336B73B00C433C3 /* Build configuration list for PBXProject "Localizate" */;
			compatibilityVersion = "Xcode 3.2";
			developmentRegion = English;
			hasScannedForEncodings = 0;
			knownRegions = (
				en,
			);
			mainGroup = 69525C6D1336B73B00C433C3;
			productRefGroup = 69525C791336B73B00C433C3 /* Products */;
			projectDirPath = "";
			projectRoot = "";
			targets = (
				69525C771336B73B00C433C3 /* Localizate */,
				69525C981336B73C00C433C3 /* LocalizateTests */,
			);
		};
/* End PBXProject section */

/* Begin PBXResourcesBuildPhase section */
		69525C761336B73B00C433C3 /* Resources */ = {
			isa = PBXResourcesBuildPhase;
			buildActionMask = 2147483647;
			files = (
				69525C871336B73C00C433C3 /* InfoPlist.strings in Resources */,
				69525C8D1336B73C00C433C3 /* Credits.rtf in Resources */,
				69525C931336B73C00C433C3 /* MainMenu.xib in Resources */,
			);
			runOnlyForDeploymentPostprocessing = 0;
		};
		69525C961336B73C00C433C3 /* Resources */ = {
			isa = PBXResourcesBuildPhase;
			buildActionMask = 2147483647;
			files = (
				69525CA21336B73C00C433C3 /* InfoPlist.strings in Resources */,
				69525CA51336B73C00C433C3 /* LocalizateTests.h in Resources */,
			);
			runOnlyForDeploymentPostprocessing = 0;
		};
/* End PBXResourcesBuildPhase section */

/* Begin PBXShellScriptBuildPhase section */
		69525C971336B73C00C433C3 /* ShellScript */ = {
			isa = PBXShellScriptBuildPhase;
			buildActionMask = 2147483647;
			files = (
			);
			inputPaths = (
			);
			outputPaths = (
			);
			runOnlyForDeploymentPostprocessing = 0;
			shellPath = /bin/sh;
			shellScript = "# Run the unit tests in this test bundle.\n\"${SYSTEM_DEVELOPER_DIR}/Tools/RunUnitTests\"\n";
		};
/* End PBXShellScriptBuildPhase section */

/* Begin PBXSourcesBuildPhase section */
		69525C741336B73B00C433C3 /* Sources */ = {
			isa = PBXSourcesBuildPhase;
			buildActionMask = 2147483647;
			files = (
				69525C8A1336B73C00C433C3 /* main.m in Sources */,
				69525C901336B73C00C433C3 /* LocalizateAppDelegate.m in Sources */,
			);
			runOnlyForDeploymentPostprocessing = 0;
		};
		69525C941336B73C00C433C3 /* Sources */ = {
			isa = PBXSourcesBuildPhase;
			buildActionMask = 2147483647;
			files = (
				69525CA71336B73C00C433C3 /* LocalizateTests.m in Sources */,
			);
			runOnlyForDeploymentPostprocessing = 0;
		};
/* End PBXSourcesBuildPhase section */

/* Begin PBXTargetDependency section */
		69525C9C1336B73C00C433C3 /* PBXTargetDependency */ = {
			isa = PBXTargetDependency;
			target = 69525C771336B73B00C433C3 /* Localizate */;
			targetProxy = 69525C9B1336B73C00C433C3 /* PBXContainerItemProxy */;
		};
/* End PBXTargetDependency section */

/* Begin PBXVariantGroup section */
		69525C851336B73C00C433C3 /* InfoPlist.strings */ = {
			isa = PBXVariantGroup;
			children = (
				69525C861336B73C00C433C3 /* en */,
			);
			name = InfoPlist.strings;
			sourceTree = "<group>";
		};
		69525C8B1336B73C00C433C3 /* Credits.rtf */ = {
			isa = PBXVariantGroup;
			children = (
				69525C8C1336B73C00C433C3 /* en */,
			);
			name = Credits.rtf;
			sourceTree = "<group>";
		};
		69525C911336B73C00C433C3 /* MainMenu.xib */ = {
			isa = PBXVariantGroup;
			children = (
				69525C921336B73C00C433C3 /* en */,
			);
			name = MainMenu.xib;
			sourceTree = "<group>";
		};
		69525CA01336B73C00C433C3 /* InfoPlist.strings */ = {
			isa = PBXVariantGroup;
			children = (
				69525CA11336B73C00C433C3 /* en */,
			);
			name = InfoPlist.strings;
			sourceTree = "<group>";
		};
/* End PBXVariantGroup section */

/* Begin XCBuildConfiguration section */
		69525CA81336B73C00C433C3 /* Debug */ = {
			isa = XCBuildConfiguration;
			buildSettings = {
				ARCHS = "$(ARCHS_STANDARD_32_64_BIT)";
				GCC_C_LANGUAGE_STANDARD = gnu99;
				GCC_OPTIMIZATION_LEVEL = 0;
				GCC_PREPROCESSOR_DEFINITIONS = DEBUG;
				GCC_SYMBOLS_PRIVATE_EXTERN = NO;
				GCC_VERSION = com.apple.compilers.llvm.clang.1_0;
				GCC_WARN_64_TO_32_BIT_CONVERSION = YES;
				GCC_WARN_ABOUT_RETURN_TYPE = YES;
				GCC_WARN_UNUSED_VARIABLE = YES;
				MACOSX_DEPLOYMENT_TARGET = 10.6;
				ONLY_ACTIVE_ARCH = YES;
				SDKROOT = macosx;
			};
			name = Debug;
		};
		69525CA91336B73C00C433C3 /* Release */ = {
			isa = XCBuildConfiguration;
			buildSettings = {
				ARCHS = "$(ARCHS_STANDARD_32_64_BIT)";
				GCC_C_LANGUAGE_STANDARD = gnu99;
				GCC_VERSION = com.apple.compilers.llvm.clang.1_0;
				GCC_WARN_64_TO_32_BIT_CONVERSION = YES;
				GCC_WARN_ABOUT_RETURN_TYPE = YES;
				GCC_WARN_UNUSED_VARIABLE = YES;
				MACOSX_DEPLOYMENT_TARGET = 10.6;
				SDKROOT = macosx;
			};
			name = Release;
		};
		69525CAB1336B73C00C433C3 /* Debug */ = {
			isa = XCBuildConfiguration;
			buildSettings = {
				ALWAYS_SEARCH_USER_PATHS = NO;
				COPY_PHASE_STRIP = NO;
				GCC_DYNAMIC_NO_PIC = NO;
				GCC_ENABLE_OBJC_EXCEPTIONS = YES;
				GCC_PRECOMPILE_PREFIX_HEADER = YES;
				GCC_PREFIX_HEADER = "Localizate/Localizate-Prefix.pch";
				INFOPLIST_FILE = "Localizate/Localizate-Info.plist";
				PRODUCT_NAME = "$(TARGET_NAME)";
				WRAPPER_EXTENSION = app;
			};
			name = Debug;
		};
		69525CAC1336B73C00C433C3 /* Release */ = {
			isa = XCBuildConfiguration;
			buildSettings = {
				ALWAYS_SEARCH_USER_PATHS = NO;
				COPY_PHASE_STRIP = YES;
				DEBUG_INFORMATION_FORMAT = "dwarf-with-dsym";
				GCC_ENABLE_OBJC_EXCEPTIONS = YES;
				GCC_PRECOMPILE_PREFIX_HEADER = YES;
				GCC_PREFIX_HEADER = "Localizate/Localizate-Prefix.pch";
				INFOPLIST_FILE = "Localizate/Localizate-Info.plist";
				PRODUCT_NAME = "$(TARGET_NAME)";
				WRAPPER_EXTENSION = app;
			};
			name = Release;
		};
		69525CAE1336B73C00C433C3 /* Debug */ = {
			isa = XCBuildConfiguration;
			buildSettings = {
				ALWAYS_SEARCH_USER_PATHS = NO;
				BUNDLE_LOADER = "$(BUILT_PRODUCTS_DIR)/Localizate.app/Contents/MacOS/Localizate";
				COPY_PHASE_STRIP = NO;
				FRAMEWORK_SEARCH_PATHS = "$(DEVELOPER_LIBRARY_DIR)/Frameworks";
				GCC_DYNAMIC_NO_PIC = NO;
				GCC_ENABLE_OBJC_EXCEPTIONS = YES;
				GCC_PRECOMPILE_PREFIX_HEADER = YES;
				GCC_PREFIX_HEADER = "LocalizateTests/LocalizateTests-Prefix.pch";
				INFOPLIST_FILE = "LocalizateTests/LocalizateTests-Info.plist";
				OTHER_LDFLAGS = (
					"-framework",
					SenTestingKit,
				);
				PRODUCT_NAME = "$(TARGET_NAME)";
				TEST_HOST = "$(BUNDLE_LOADER)";
				WRAPPER_EXTENSION = octest;
			};
			name = Debug;
		};
		69525CAF1336B73C00C433C3 /* Release */ = {
			isa = XCBuildConfiguration;
			buildSettings = {
				ALWAYS_SEARCH_USER_PATHS = NO;
				BUNDLE_LOADER = "$(BUILT_PRODUCTS_DIR)/Localizate.app/Contents/MacOS/Localizate";
				COPY_PHASE_STRIP = YES;
				DEBUG_INFORMATION_FORMAT = "dwarf-with-dsym";
				FRAMEWORK_SEARCH_PATHS = "$(DEVELOPER_LIBRARY_DIR)/Frameworks";
				GCC_ENABLE_OBJC_EXCEPTIONS = YES;
				GCC_PRECOMPILE_PREFIX_HEADER = YES;
				GCC_PREFIX_HEADER = "LocalizateTests/LocalizateTests-Prefix.pch";
				INFOPLIST_FILE = "LocalizateTests/LocalizateTests-Info.plist";
				OTHER_LDFLAGS = (
					"-framework",
					SenTestingKit,
				);
				PRODUCT_NAME = "$(TARGET_NAME)";
				TEST_HOST = "$(BUNDLE_LOADER)";
				WRAPPER_EXTENSION = octest;
			};
			name = Release;
		};
/* End XCBuildConfiguration section */

/* Begin XCConfigurationList section */
		69525C721336B73B00C433C3 /* Build configuration list for PBXProject "Localizate" */ = {
			isa = XCConfigurationList;
			buildConfigurations = (
				69525CA81336B73C00C433C3 /* Debug */,
				69525CA91336B73C00C433C3 /* Release */,
			);
			defaultConfigurationIsVisible = 0;
			defaultConfigurationName = Release;
		};
		69525CAA1336B73C00C433C3 /* Build configuration list for PBXNativeTarget "Localizate" */ = {
			isa = XCConfigurationList;
			buildConfigurations = (
				69525CAB1336B73C00C433C3 /* Debug */,
				69525CAC1336B73C00C433C3 /* Release */,
			);
			defaultConfigurationIsVisible = 0;
		};
		69525CAD1336B73C00C433C3 /* Build configuration list for PBXNativeTarget "LocalizateTests" */ = {
			isa = XCConfigurationList;
			buildConfigurations = (
				69525CAE1336B73C00C433C3 /* Debug */,
				69525CAF1336B73C00C433C3 /* Release */,
			);
			defaultConfigurationIsVisible = 0;
		};
/* End XCConfigurationList section */
	};
	rootObject = 69525C6F1336B73B00C433C3 /* Project object */;
}
