// !$*UTF8*$!
{
	archiveVersion = 1;
	classes = {
	};
	objectVersion = 46;
	objects = {

/* Begin PBXBuildFile section */
		69525C7D1336B73B00C433C3 /* Cocoa.framework in Frameworks */ = {isa = PBXBuildFile; fileRef = 69525C7C1336B73B00C433C3 /* Cocoa.framework */; };
		69525C8A1336B73C00C433C3 /* main.m in Sources */ = {isa = PBXBuildFile; fileRef = 69525C891336B73C00C433C3 /* main.m */; };
		69525C901336B73C00C433C3 /* LocalizateAppDelegate.m in Sources */ = {isa = PBXBuildFile; fileRef = 69525C8F1336B73C00C433C3 /* LocalizateAppDelegate.m */; };
		69525C9A1336B73C00C433C3 /* Cocoa.framework in Frameworks */ = {isa = PBXBuildFile; fileRef = 69525C7C1336B73B00C433C3 /* Cocoa.framework */; };
		69525CA21336B73C00C433C3 /* InfoPlist.strings in Resources */ = {isa = PBXBuildFile; fileRef = 69525CA01336B73C00C433C3 /* InfoPlist.strings */; };
		69525CA51336B73C00C433C3 /* LocalizateTests.h in Resources */ = {isa = PBXBuildFile; fileRef = 69525CA41336B73C00C433C3 /* LocalizateTests.h */; };
		69525CA71336B73C00C433C3 /* LocalizateTests.m in Sources */ = {isa = PBXBuildFile; fileRef = 69525CA61336B73C00C433C3 /* LocalizateTests.m */; };
		69525CB41336B78F00C433C3 /* JDDropBox.m in Sources */ = {isa = PBXBuildFile; fileRef = 69525CB31336B78F00C433C3 /* JDDropBox.m */; };
		69525CC11336B87500C433C3 /* JDUtils.m in Sources */ = {isa = PBXBuildFile; fileRef = 69525CC01336B87500C433C3 /* JDUtils.m */; };
		69525CCE1336B88800C433C3 /* CHCSVParser.m in Sources */ = {isa = PBXBuildFile; fileRef = 69525CC51336B88800C433C3 /* CHCSVParser.m */; };
		69525CCF1336B88800C433C3 /* CHCSVWriter.m in Sources */ = {isa = PBXBuildFile; fileRef = 69525CC71336B88800C433C3 /* CHCSVWriter.m */; };
		69525CD01336B88800C433C3 /* CHCSVSupport.m in Sources */ = {isa = PBXBuildFile; fileRef = 69525CC91336B88800C433C3 /* CHCSVSupport.m */; };
		69525CD11336B88800C433C3 /* NSArray+CHCSVAdditions.m in Sources */ = {isa = PBXBuildFile; fileRef = 69525CCB1336B88800C433C3 /* NSArray+CHCSVAdditions.m */; };
		69525CD21336B88800C433C3 /* NSString+CHCSVAdditions.m in Sources */ = {isa = PBXBuildFile; fileRef = 69525CCD1336B88800C433C3 /* NSString+CHCSVAdditions.m */; };
		69525CD71336B95B00C433C3 /* Magnifier.png in Resources */ = {isa = PBXBuildFile; fileRef = 69525CD51336B95B00C433C3 /* Magnifier.png */; };
		69525CD91336BDE700C433C3 /* Icon.png in Resources */ = {isa = PBXBuildFile; fileRef = 69525CD81336BDE700C433C3 /* Icon.png */; };
		697B425713C501A100C6BFF0 /* RegexKitLite.m in Sources */ = {isa = PBXBuildFile; fileRef = 697B425613C501A100C6BFF0 /* RegexKitLite.m */; };
		697B425913C502E200C6BFF0 /* libicucore.dylib in Frameworks */ = {isa = PBXBuildFile; fileRef = 697B425813C502E200C6BFF0 /* libicucore.dylib */; };
		69868BE91337DFCC00DE9584 /* MainMenu.xib in Resources */ = {isa = PBXBuildFile; fileRef = 69868BEB1337DFCC00DE9584 /* MainMenu.xib */; };
		69B13357136957E50015DDA5 /* Localizable.strings in Resources */ = {isa = PBXBuildFile; fileRef = 69B13359136957E50015DDA5 /* Localizable.strings */; };
		69B1335D136958230015DDA5 /* Credits.rtf in Resources */ = {isa = PBXBuildFile; fileRef = 69B1335F136958230015DDA5 /* Credits.rtf */; };
		69B13362136958880015DDA5 /* InfoPlist.strings in Resources */ = {isa = PBXBuildFile; fileRef = 69B13361136958880015DDA5 /* InfoPlist.strings */; };
		69B133661369594C0015DDA5 /* Icon.icns in Resources */ = {isa = PBXBuildFile; fileRef = 69B133651369594C0015DDA5 /* Icon.icns */; };
/* End PBXBuildFile section */

/* Begin PBXContainerItemProxy section */
		69525C9B1336B73C00C433C3 /* PBXContainerItemProxy */ = {
			isa = PBXContainerItemProxy;
			containerPortal = 69525C6F1336B73B00C433C3 /* Project object */;
			proxyType = 1;
			remoteGlobalIDString = 69525C771336B73B00C433C3;
			remoteInfo = Localizate;
		};
/* End PBXContainerItemProxy section */

/* Begin PBXFileReference section */
		69525C781336B73B00C433C3 /* Quick Localizable.app */ = {isa = PBXFileReference; explicitFileType = wrapper.application; includeInIndex = 0; path = "Quick Localizable.app"; sourceTree = BUILT_PRODUCTS_DIR; };
		69525C7C1336B73B00C433C3 /* Cocoa.framework */ = {isa = PBXFileReference; lastKnownFileType = wrapper.framework; name = Cocoa.framework; path = System/Library/Frameworks/Cocoa.framework; sourceTree = SDKROOT; };
		69525C7F1336B73B00C433C3 /* AppKit.framework */ = {isa = PBXFileReference; lastKnownFileType = wrapper.framework; name = AppKit.framework; path = System/Library/Frameworks/AppKit.framework; sourceTree = SDKROOT; };
		69525C801336B73B00C433C3 /* CoreData.framework */ = {isa = PBXFileReference; lastKnownFileType = wrapper.framework; name = CoreData.framework; path = System/Library/Frameworks/CoreData.framework; sourceTree = SDKROOT; };
		69525C811336B73B00C433C3 /* Foundation.framework */ = {isa = PBXFileReference; lastKnownFileType = wrapper.framework; name = Foundation.framework; path = System/Library/Frameworks/Foundation.framework; sourceTree = SDKROOT; };
		69525C841336B73C00C433C3 /* Quick Localizable-Info.plist */ = {isa = PBXFileReference; lastKnownFileType = text.plist.xml; path = "Quick Localizable-Info.plist"; sourceTree = "<group>"; };
		69525C881336B73C00C433C3 /* Quick Localizable-Prefix.pch */ = {isa = PBXFileReference; lastKnownFileType = sourcecode.c.h; path = "Quick Localizable-Prefix.pch"; sourceTree = "<group>"; };
		69525C891336B73C00C433C3 /* main.m */ = {isa = PBXFileReference; lastKnownFileType = sourcecode.c.objc; path = main.m; sourceTree = "<group>"; };
		69525C8E1336B73C00C433C3 /* LocalizateAppDelegate.h */ = {isa = PBXFileReference; lastKnownFileType = sourcecode.c.h; path = LocalizateAppDelegate.h; sourceTree = "<group>"; };
		69525C8F1336B73C00C433C3 /* LocalizateAppDelegate.m */ = {isa = PBXFileReference; lastKnownFileType = sourcecode.c.objc; path = LocalizateAppDelegate.m; sourceTree = "<group>"; };
		69525C991336B73C00C433C3 /* Quick LocalizableTests.octest */ = {isa = PBXFileReference; explicitFileType = wrapper.cfbundle; includeInIndex = 0; path = "Quick LocalizableTests.octest"; sourceTree = BUILT_PRODUCTS_DIR; };
		69525C9F1336B73C00C433C3 /* Quick LocalizableTests-Info.plist */ = {isa = PBXFileReference; lastKnownFileType = text.plist.xml; path = "Quick LocalizableTests-Info.plist"; sourceTree = "<group>"; };
		69525CA11336B73C00C433C3 /* en */ = {isa = PBXFileReference; lastKnownFileType = text.plist.strings; name = en; path = en.lproj/InfoPlist.strings; sourceTree = "<group>"; };
		69525CA31336B73C00C433C3 /* Quick LocalizableTests-Prefix.pch */ = {isa = PBXFileReference; lastKnownFileType = sourcecode.c.h; path = "Quick LocalizableTests-Prefix.pch"; sourceTree = "<group>"; };
		69525CA41336B73C00C433C3 /* LocalizateTests.h */ = {isa = PBXFileReference; lastKnownFileType = sourcecode.c.h; path = LocalizateTests.h; sourceTree = "<group>"; };
		69525CA61336B73C00C433C3 /* LocalizateTests.m */ = {isa = PBXFileReference; lastKnownFileType = sourcecode.c.objc; path = LocalizateTests.m; sourceTree = "<group>"; };
		69525CB21336B78F00C433C3 /* JDDropBox.h */ = {isa = PBXFileReference; fileEncoding = 4; lastKnownFileType = sourcecode.c.h; path = JDDropBox.h; sourceTree = "<group>"; };
		69525CB31336B78F00C433C3 /* JDDropBox.m */ = {isa = PBXFileReference; fileEncoding = 4; lastKnownFileType = sourcecode.c.objc; path = JDDropBox.m; sourceTree = "<group>"; };
		69525CBA1336B7D200C433C3 /* fr */ = {isa = PBXFileReference; lastKnownFileType = text.plist.strings; name = fr; path = /Users/jd/Dropbox/JDWork/CocoaWorkspace/Localizate/LocalizateTests/fr.lproj/InfoPlist.strings; sourceTree = "<absolute>"; };
		69525CBF1336B87500C433C3 /* JDUtils.h */ = {isa = PBXFileReference; fileEncoding = 4; lastKnownFileType = sourcecode.c.h; path = JDUtils.h; sourceTree = "<group>"; };
		69525CC01336B87500C433C3 /* JDUtils.m */ = {isa = PBXFileReference; fileEncoding = 4; lastKnownFileType = sourcecode.c.objc; path = JDUtils.m; sourceTree = "<group>"; };
		69525CC31336B88800C433C3 /* CHCSV.h */ = {isa = PBXFileReference; fileEncoding = 4; lastKnownFileType = sourcecode.c.h; path = CHCSV.h; sourceTree = "<group>"; };
		69525CC41336B88800C433C3 /* CHCSVParser.h */ = {isa = PBXFileReference; fileEncoding = 4; lastKnownFileType = sourcecode.c.h; path = CHCSVParser.h; sourceTree = "<group>"; };
		69525CC51336B88800C433C3 /* CHCSVParser.m */ = {isa = PBXFileReference; fileEncoding = 4; lastKnownFileType = sourcecode.c.objc; path = CHCSVParser.m; sourceTree = "<group>"; };
		69525CC61336B88800C433C3 /* CHCSVWriter.h */ = {isa = PBXFileReference; fileEncoding = 4; lastKnownFileType = sourcecode.c.h; path = CHCSVWriter.h; sourceTree = "<group>"; };
		69525CC71336B88800C433C3 /* CHCSVWriter.m */ = {isa = PBXFileReference; fileEncoding = 4; lastKnownFileType = sourcecode.c.objc; path = CHCSVWriter.m; sourceTree = "<group>"; };
		69525CC81336B88800C433C3 /* CHCSVSupport.h */ = {isa = PBXFileReference; fileEncoding = 4; lastKnownFileType = sourcecode.c.h; path = CHCSVSupport.h; sourceTree = "<group>"; };
		69525CC91336B88800C433C3 /* CHCSVSupport.m */ = {isa = PBXFileReference; fileEncoding = 4; lastKnownFileType = sourcecode.c.objc; path = CHCSVSupport.m; sourceTree = "<group>"; };
		69525CCA1336B88800C433C3 /* NSArray+CHCSVAdditions.h */ = {isa = PBXFileReference; fileEncoding = 4; lastKnownFileType = sourcecode.c.h; path = "NSArray+CHCSVAdditions.h"; sourceTree = "<group>"; };
		69525CCB1336B88800C433C3 /* NSArray+CHCSVAdditions.m */ = {isa = PBXFileReference; fileEncoding = 4; lastKnownFileType = sourcecode.c.objc; path = "NSArray+CHCSVAdditions.m"; sourceTree = "<group>"; };
		69525CCC1336B88800C433C3 /* NSString+CHCSVAdditions.h */ = {isa = PBXFileReference; fileEncoding = 4; lastKnownFileType = sourcecode.c.h; path = "NSString+CHCSVAdditions.h"; sourceTree = "<group>"; };
		69525CCD1336B88800C433C3 /* NSString+CHCSVAdditions.m */ = {isa = PBXFileReference; fileEncoding = 4; lastKnownFileType = sourcecode.c.objc; path = "NSString+CHCSVAdditions.m"; sourceTree = "<group>"; };
		69525CD51336B95B00C433C3 /* Magnifier.png */ = {isa = PBXFileReference; lastKnownFileType = image.png; path = Magnifier.png; sourceTree = "<group>"; };
		69525CD81336BDE700C433C3 /* Icon.png */ = {isa = PBXFileReference; lastKnownFileType = image.png; name = Icon.png; path = ../Icon.png; sourceTree = "<group>"; };
		697B425513C501A100C6BFF0 /* RegexKitLite.h */ = {isa = PBXFileReference; fileEncoding = 4; lastKnownFileType = sourcecode.c.h; path = RegexKitLite.h; sourceTree = "<group>"; };
		697B425613C501A100C6BFF0 /* RegexKitLite.m */ = {isa = PBXFileReference; fileEncoding = 4; lastKnownFileType = sourcecode.c.objc; path = RegexKitLite.m; sourceTree = "<group>"; };
		697B425813C502E200C6BFF0 /* libicucore.dylib */ = {isa = PBXFileReference; lastKnownFileType = "compiled.mach-o.dylib"; name = libicucore.dylib; path = usr/lib/libicucore.dylib; sourceTree = SDKROOT; };
		69868BEA1337DFCC00DE9584 /* en */ = {isa = PBXFileReference; lastKnownFileType = file.xib; name = en; path = en.lproj/MainMenu.xib; sourceTree = "<group>"; };
		69868BED1337DFD400DE9584 /* fr */ = {isa = PBXFileReference; lastKnownFileType = file.xib; name = fr; path = fr.lproj/MainMenu.xib; sourceTree = "<group>"; };
		69B13358136957E50015DDA5 /* en */ = {isa = PBXFileReference; lastKnownFileType = text.plist.strings; name = en; path = en.lproj/Localizable.strings; sourceTree = "<group>"; };
		69B1335A136957EC0015DDA5 /* fr */ = {isa = PBXFileReference; lastKnownFileType = text.plist.strings; name = fr; path = fr.lproj/Localizable.strings; sourceTree = "<group>"; };
		69B1335E136958230015DDA5 /* en */ = {isa = PBXFileReference; lastKnownFileType = text.rtf; name = en; path = en.lproj/Credits.rtf; sourceTree = "<group>"; };
		69B13360136958270015DDA5 /* fr */ = {isa = PBXFileReference; lastKnownFileType = text.rtf; name = fr; path = fr.lproj/Credits.rtf; sourceTree = "<group>"; };
		69B13361136958880015DDA5 /* InfoPlist.strings */ = {isa = PBXFileReference; fileEncoding = 4; lastKnownFileType = text.plist.strings; path = InfoPlist.strings; sourceTree = "<group>"; };
		69B133651369594C0015DDA5 /* Icon.icns */ = {isa = PBXFileReference; lastKnownFileType = image.icns; path = Icon.icns; sourceTree = "<group>"; };
/* End PBXFileReference section */

/* Begin PBXFrameworksBuildPhase section */
		69525C751336B73B00C433C3 /* Frameworks */ = {
			isa = PBXFrameworksBuildPhase;
			buildActionMask = 2147483647;
			files = (
				697B425913C502E200C6BFF0 /* libicucore.dylib in Frameworks */,
				69525C7D1336B73B00C433C3 /* Cocoa.framework in Frameworks */,
			);
			runOnlyForDeploymentPostprocessing = 0;
		};
		69525C951336B73C00C433C3 /* Frameworks */ = {
			isa = PBXFrameworksBuildPhase;
			buildActionMask = 2147483647;
			files = (
				69525C9A1336B73C00C433C3 /* Cocoa.framework in Frameworks */,
			);
			runOnlyForDeploymentPostprocessing = 0;
		};
/* End PBXFrameworksBuildPhase section */

/* Begin PBXGroup section */
		69525C6D1336B73B00C433C3 = {
			isa = PBXGroup;
			children = (
				697B425813C502E200C6BFF0 /* libicucore.dylib */,
				69B133651369594C0015DDA5 /* Icon.icns */,
				69525C821336B73B00C433C3 /* Localizate */,
				69525C9D1336B73C00C433C3 /* LocalizateTests */,
				69525C7B1336B73B00C433C3 /* Frameworks */,
				69525C791336B73B00C433C3 /* Products */,
			);
			sourceTree = "<group>";
		};
		69525C791336B73B00C433C3 /* Products */ = {
			isa = PBXGroup;
			children = (
				69525C781336B73B00C433C3 /* Quick Localizable.app */,
				69525C991336B73C00C433C3 /* Quick LocalizableTests.octest */,
			);
			name = Products;
			sourceTree = "<group>";
		};
		69525C7B1336B73B00C433C3 /* Frameworks */ = {
			isa = PBXGroup;
			children = (
				69525C7C1336B73B00C433C3 /* Cocoa.framework */,
				69525C7E1336B73B00C433C3 /* Other Frameworks */,
			);
			name = Frameworks;
			sourceTree = "<group>";
		};
		69525C7E1336B73B00C433C3 /* Other Frameworks */ = {
			isa = PBXGroup;
			children = (
				69525C7F1336B73B00C433C3 /* AppKit.framework */,
				69525C801336B73B00C433C3 /* CoreData.framework */,
				69525C811336B73B00C433C3 /* Foundation.framework */,
			);
			name = "Other Frameworks";
			sourceTree = "<group>";
		};
		69525C821336B73B00C433C3 /* Localizate */ = {
			isa = PBXGroup;
			children = (
				69525CD31336B92800C433C3 /* Images */,
				69525CBE1336B86800C433C3 /* Libs */,
				69525C8E1336B73C00C433C3 /* LocalizateAppDelegate.h */,
				69525C8F1336B73C00C433C3 /* LocalizateAppDelegate.m */,
				69868BEB1337DFCC00DE9584 /* MainMenu.xib */,
				69525CB21336B78F00C433C3 /* JDDropBox.h */,
				69525CB31336B78F00C433C3 /* JDDropBox.m */,
				69525C831336B73C00C433C3 /* Supporting Files */,
			);
			path = Localizate;
			sourceTree = "<group>";
		};
		69525C831336B73C00C433C3 /* Supporting Files */ = {
			isa = PBXGroup;
			children = (
				69525C841336B73C00C433C3 /* Quick Localizable-Info.plist */,
				69525C881336B73C00C433C3 /* Quick Localizable-Prefix.pch */,
				69525C891336B73C00C433C3 /* main.m */,
				69B13361136958880015DDA5 /* InfoPlist.strings */,
				69B1335F136958230015DDA5 /* Credits.rtf */,
				69B13359136957E50015DDA5 /* Localizable.strings */,
			);
			name = "Supporting Files";
			sourceTree = "<group>";
		};
		69525C9D1336B73C00C433C3 /* LocalizateTests */ = {
			isa = PBXGroup;
			children = (
				69525CA41336B73C00C433C3 /* LocalizateTests.h */,
				69525CA61336B73C00C433C3 /* LocalizateTests.m */,
				69525C9E1336B73C00C433C3 /* Supporting Files */,
			);
			path = LocalizateTests;
			sourceTree = "<group>";
		};
		69525C9E1336B73C00C433C3 /* Supporting Files */ = {
			isa = PBXGroup;
			children = (
				69525C9F1336B73C00C433C3 /* Quick LocalizableTests-Info.plist */,
				69525CA01336B73C00C433C3 /* InfoPlist.strings */,
				69525CA31336B73C00C433C3 /* Quick LocalizableTests-Prefix.pch */,
			);
			name = "Supporting Files";
			sourceTree = "<group>";
		};
		69525CBE1336B86800C433C3 /* Libs */ = {
			isa = PBXGroup;
			children = (
				697B425313C5018800C6BFF0 /* RegexKitLite */,
				69525CC21336B87A00C433C3 /* CHCSV */,
				69525CBF1336B87500C433C3 /* JDUtils.h */,
				69525CC01336B87500C433C3 /* JDUtils.m */,
			);
			name = Libs;
			sourceTree = "<group>";
		};
		69525CC21336B87A00C433C3 /* CHCSV */ = {
			isa = PBXGroup;
			children = (
				69525CC31336B88800C433C3 /* CHCSV.h */,
				69525CC41336B88800C433C3 /* CHCSVParser.h */,
				69525CC51336B88800C433C3 /* CHCSVParser.m */,
				69525CC61336B88800C433C3 /* CHCSVWriter.h */,
				69525CC71336B88800C433C3 /* CHCSVWriter.m */,
				69525CC81336B88800C433C3 /* CHCSVSupport.h */,
				69525CC91336B88800C433C3 /* CHCSVSupport.m */,
				69525CCA1336B88800C433C3 /* NSArray+CHCSVAdditions.h */,
				69525CCB1336B88800C433C3 /* NSArray+CHCSVAdditions.m */,
				69525CCC1336B88800C433C3 /* NSString+CHCSVAdditions.h */,
				69525CCD1336B88800C433C3 /* NSString+CHCSVAdditions.m */,
			);
			name = CHCSV;
			sourceTree = "<group>";
		};
		69525CD31336B92800C433C3 /* Images */ = {
			isa = PBXGroup;
			children = (
				69525CD81336BDE700C433C3 /* Icon.png */,
				69525CD51336B95B00C433C3 /* Magnifier.png */,
			);
			name = Images;
			sourceTree = "<group>";
		};
		697B425313C5018800C6BFF0 /* RegexKitLite */ = {
			isa = PBXGroup;
			children = (
				697B425513C501A100C6BFF0 /* RegexKitLite.h */,
				697B425613C501A100C6BFF0 /* RegexKitLite.m */,
			);
			name = RegexKitLite;
			sourceTree = "<group>";
		};
/* End PBXGroup section */

/* Begin PBXNativeTarget section */
		69525C771336B73B00C433C3 /* Quick Localizable */ = {
			isa = PBXNativeTarget;
			buildConfigurationList = 69525CAA1336B73C00C433C3 /* Build configuration list for PBXNativeTarget "Quick Localizable" */;
			buildPhases = (
				69525C741336B73B00C433C3 /* Sources */,
				69525C751336B73B00C433C3 /* Frameworks */,
				69525C761336B73B00C433C3 /* Resources */,
			);
			buildRules = (
			);
			dependencies = (
			);
			name = "Quick Localizable";
			productName = Localizate;
			productReference = 69525C781336B73B00C433C3 /* Quick Localizable.app */;
			productType = "com.apple.product-type.application";
		};
		69525C981336B73C00C433C3 /* Quick LocalizableTests */ = {
			isa = PBXNativeTarget;
			buildConfigurationList = 69525CAD1336B73C00C433C3 /* Build configuration list for PBXNativeTarget "Quick LocalizableTests" */;
			buildPhases = (
				69525C941336B73C00C433C3 /* Sources */,
				69525C951336B73C00C433C3 /* Frameworks */,
				69525C961336B73C00C433C3 /* Resources */,
				69525C971336B73C00C433C3 /* ShellScript */,
			);
			buildRules = (
			);
			dependencies = (
				69525C9C1336B73C00C433C3 /* PBXTargetDependency */,
			);
			name = "Quick LocalizableTests";
			productName = LocalizateTests;
			productReference = 69525C991336B73C00C433C3 /* Quick LocalizableTests.octest */;
			productType = "com.apple.product-type.bundle";
		};
/* End PBXNativeTarget section */

/* Begin PBXProject section */
		69525C6F1336B73B00C433C3 /* Project object */ = {
			isa = PBXProject;
			attributes = {
				ORGANIZATIONNAME = "";
			};
			buildConfigurationList = 69525C721336B73B00C433C3 /* Build configuration list for PBXProject "Quick Localizable" */;
			compatibilityVersion = "Xcode 3.2";
			developmentRegion = English;
			hasScannedForEncodings = 0;
			knownRegions = (
				en,
				fr,
			);
			mainGroup = 69525C6D1336B73B00C433C3;
			productRefGroup = 69525C791336B73B00C433C3 /* Products */;
			projectDirPath = "";
			projectRoot = "";
			targets = (
				69525C771336B73B00C433C3 /* Quick Localizable */,
				69525C981336B73C00C433C3 /* Quick LocalizableTests */,
			);
		};
/* End PBXProject section */

/* Begin PBXResourcesBuildPhase section */
		69525C761336B73B00C433C3 /* Resources */ = {
			isa = PBXResourcesBuildPhase;
			buildActionMask = 2147483647;
			files = (
				69868BE91337DFCC00DE9584 /* MainMenu.xib in Resources */,
				69525CD71336B95B00C433C3 /* Magnifier.png in Resources */,
				69525CD91336BDE700C433C3 /* Icon.png in Resources */,
				69B13357136957E50015DDA5 /* Localizable.strings in Resources */,
				69B1335D136958230015DDA5 /* Credits.rtf in Resources */,
				69B13362136958880015DDA5 /* InfoPlist.strings in Resources */,
				69B133661369594C0015DDA5 /* Icon.icns in Resources */,
			);
			runOnlyForDeploymentPostprocessing = 0;
		};
		69525C961336B73C00C433C3 /* Resources */ = {
			isa = PBXResourcesBuildPhase;
			buildActionMask = 2147483647;
			files = (
				69525CA21336B73C00C433C3 /* InfoPlist.strings in Resources */,
				69525CA51336B73C00C433C3 /* LocalizateTests.h in Resources */,
			);
			runOnlyForDeploymentPostprocessing = 0;
		};
/* End PBXResourcesBuildPhase section */

/* Begin PBXShellScriptBuildPhase section */
		69525C971336B73C00C433C3 /* ShellScript */ = {
			isa = PBXShellScriptBuildPhase;
			buildActionMask = 2147483647;
			files = (
			);
			inputPaths = (
			);
			outputPaths = (
			);
			runOnlyForDeploymentPostprocessing = 0;
			shellPath = /bin/sh;
			shellScript = "# Run the unit tests in this test bundle.\n\"${SYSTEM_DEVELOPER_DIR}/Tools/RunUnitTests\"\n";
		};
/* End PBXShellScriptBuildPhase section */

/* Begin PBXSourcesBuildPhase section */
		69525C741336B73B00C433C3 /* Sources */ = {
			isa = PBXSourcesBuildPhase;
			buildActionMask = 2147483647;
			files = (
				69525C8A1336B73C00C433C3 /* main.m in Sources */,
				69525C901336B73C00C433C3 /* LocalizateAppDelegate.m in Sources */,
				69525CB41336B78F00C433C3 /* JDDropBox.m in Sources */,
				69525CC11336B87500C433C3 /* JDUtils.m in Sources */,
				69525CCE1336B88800C433C3 /* CHCSVParser.m in Sources */,
				69525CCF1336B88800C433C3 /* CHCSVWriter.m in Sources */,
				69525CD01336B88800C433C3 /* CHCSVSupport.m in Sources */,
				69525CD11336B88800C433C3 /* NSArray+CHCSVAdditions.m in Sources */,
				69525CD21336B88800C433C3 /* NSString+CHCSVAdditions.m in Sources */,
				697B425713C501A100C6BFF0 /* RegexKitLite.m in Sources */,
			);
			runOnlyForDeploymentPostprocessing = 0;
		};
		69525C941336B73C00C433C3 /* Sources */ = {
			isa = PBXSourcesBuildPhase;
			buildActionMask = 2147483647;
			files = (
				69525CA71336B73C00C433C3 /* LocalizateTests.m in Sources */,
			);
			runOnlyForDeploymentPostprocessing = 0;
		};
/* End PBXSourcesBuildPhase section */

/* Begin PBXTargetDependency section */
		69525C9C1336B73C00C433C3 /* PBXTargetDependency */ = {
			isa = PBXTargetDependency;
			target = 69525C771336B73B00C433C3 /* Quick Localizable */;
			targetProxy = 69525C9B1336B73C00C433C3 /* PBXContainerItemProxy */;
		};
/* End PBXTargetDependency section */

/* Begin PBXVariantGroup section */
		69525CA01336B73C00C433C3 /* InfoPlist.strings */ = {
			isa = PBXVariantGroup;
			children = (
				69525CA11336B73C00C433C3 /* en */,
				69525CBA1336B7D200C433C3 /* fr */,
			);
			name = InfoPlist.strings;
			sourceTree = "<group>";
		};
		69868BEB1337DFCC00DE9584 /* MainMenu.xib */ = {
			isa = PBXVariantGroup;
			children = (
				69868BEA1337DFCC00DE9584 /* en */,
				69868BED1337DFD400DE9584 /* fr */,
			);
			name = MainMenu.xib;
			sourceTree = "<group>";
		};
		69B13359136957E50015DDA5 /* Localizable.strings */ = {
			isa = PBXVariantGroup;
			children = (
				69B13358136957E50015DDA5 /* en */,
				69B1335A136957EC0015DDA5 /* fr */,
			);
			name = Localizable.strings;
			sourceTree = "<group>";
		};
		69B1335F136958230015DDA5 /* Credits.rtf */ = {
			isa = PBXVariantGroup;
			children = (
				69B1335E136958230015DDA5 /* en */,
				69B13360136958270015DDA5 /* fr */,
			);
			name = Credits.rtf;
			sourceTree = "<group>";
		};
/* End PBXVariantGroup section */

/* Begin XCBuildConfiguration section */
		69525CA81336B73C00C433C3 /* Debug */ = {
			isa = XCBuildConfiguration;
			buildSettings = {
				ARCHS = "$(ARCHS_STANDARD_32_64_BIT)";
				CODE_SIGN_IDENTITY = "3rd Party Mac Developer Application: jordi dosne";
				DEBUG_INFORMATION_FORMAT = "dwarf-with-dsym";
				GCC_C_LANGUAGE_STANDARD = gnu99;
				GCC_OPTIMIZATION_LEVEL = 0;
				GCC_PREPROCESSOR_DEFINITIONS = DEBUG;
				GCC_SYMBOLS_PRIVATE_EXTERN = NO;
				GCC_VERSION = com.apple.compilers.llvm.clang.1_0;
				GCC_WARN_64_TO_32_BIT_CONVERSION = YES;
				GCC_WARN_ABOUT_RETURN_TYPE = YES;
				GCC_WARN_UNUSED_VARIABLE = YES;
				MACOSX_DEPLOYMENT_TARGET = 10.6;
				ONLY_ACTIVE_ARCH = YES;
				PRODUCT_NAME = "Quick Localizable";
				SDKROOT = macosx;
				SKIP_INSTALL = NO;
			};
			name = Debug;
		};
		69525CA91336B73C00C433C3 /* Release */ = {
			isa = XCBuildConfiguration;
			buildSettings = {
				ARCHS = "$(ARCHS_STANDARD_32_64_BIT)";
				CODE_SIGN_IDENTITY = "3rd Party Mac Developer Application: jordi dosne";
				DEBUG_INFORMATION_FORMAT = "dwarf-with-dsym";
				GCC_C_LANGUAGE_STANDARD = gnu99;
				GCC_VERSION = com.apple.compilers.llvm.clang.1_0;
				GCC_WARN_64_TO_32_BIT_CONVERSION = YES;
				GCC_WARN_ABOUT_RETURN_TYPE = YES;
				GCC_WARN_UNUSED_VARIABLE = YES;
				MACOSX_DEPLOYMENT_TARGET = 10.6;
				ONLY_ACTIVE_ARCH = YES;
				PRODUCT_NAME = "Quick Localizable";
				SDKROOT = macosx;
				SKIP_INSTALL = NO;
			};
			name = Release;
		};
		69525CAB1336B73C00C433C3 /* Debug */ = {
			isa = XCBuildConfiguration;
			buildSettings = {
				ALWAYS_SEARCH_USER_PATHS = NO;
				COPY_PHASE_STRIP = NO;
				GCC_DYNAMIC_NO_PIC = NO;
				GCC_ENABLE_OBJC_EXCEPTIONS = YES;
				GCC_PRECOMPILE_PREFIX_HEADER = YES;
				GCC_PREFIX_HEADER = "Localizate/Quick Localizable-Prefix.pch";
				INFOPLIST_FILE = "Localizate/Quick Localizable-Info.plist";
				PRODUCT_NAME = "Quick Localizable";
				SKIP_INSTALL = NO;
				VALID_ARCHS = "x86_64 i386";
				WRAPPER_EXTENSION = app;
			};
			name = Debug;
		};
		69525CAC1336B73C00C433C3 /* Release */ = {
			isa = XCBuildConfiguration;
			buildSettings = {
				ALWAYS_SEARCH_USER_PATHS = NO;
				COPY_PHASE_STRIP = YES;
				DEBUG_INFORMATION_FORMAT = "dwarf-with-dsym";
				GCC_ENABLE_OBJC_EXCEPTIONS = YES;
				GCC_PRECOMPILE_PREFIX_HEADER = YES;
				GCC_PREFIX_HEADER = "Localizate/Quick Localizable-Prefix.pch";
				INFOPLIST_FILE = "Localizate/Quick Localizable-Info.plist";
				PRODUCT_NAME = "Quick Localizable";
				SKIP_INSTALL = NO;
				VALID_ARCHS = "x86_64 i386";
				WRAPPER_EXTENSION = app;
			};
			name = Release;
		};
		69525CAE1336B73C00C433C3 /* Debug */ = {
			isa = XCBuildConfiguration;
			buildSettings = {
				ALWAYS_SEARCH_USER_PATHS = NO;
				BUNDLE_LOADER = "$(BUILT_PRODUCTS_DIR)/Localizate.app/Contents/MacOS/Localizate";
				COPY_PHASE_STRIP = NO;
				FRAMEWORK_SEARCH_PATHS = "$(DEVELOPER_LIBRARY_DIR)/Frameworks";
				GCC_DYNAMIC_NO_PIC = NO;
				GCC_ENABLE_OBJC_EXCEPTIONS = YES;
				GCC_PRECOMPILE_PREFIX_HEADER = YES;
				GCC_PREFIX_HEADER = "LocalizateTests/Quick LocalizableTests-Prefix.pch";
				INFOPLIST_FILE = "LocalizateTests/Quick LocalizableTests-Info.plist";
				OTHER_LDFLAGS = (
					"-framework",
					SenTestingKit,
				);
				PRODUCT_NAME = "Quick LocalizableTests";
				TEST_HOST = "$(BUNDLE_LOADER)";
				WRAPPER_EXTENSION = octest;
			};
			name = Debug;
		};
		69525CAF1336B73C00C433C3 /* Release */ = {
			isa = XCBuildConfiguration;
			buildSettings = {
				ALWAYS_SEARCH_USER_PATHS = NO;
				BUNDLE_LOADER = "$(BUILT_PRODUCTS_DIR)/Localizate.app/Contents/MacOS/Localizate";
				COPY_PHASE_STRIP = YES;
				DEBUG_INFORMATION_FORMAT = "dwarf-with-dsym";
				FRAMEWORK_SEARCH_PATHS = "$(DEVELOPER_LIBRARY_DIR)/Frameworks";
				GCC_ENABLE_OBJC_EXCEPTIONS = YES;
				GCC_PRECOMPILE_PREFIX_HEADER = YES;
				GCC_PREFIX_HEADER = "LocalizateTests/Quick LocalizableTests-Prefix.pch";
				INFOPLIST_FILE = "LocalizateTests/Quick LocalizableTests-Info.plist";
				OTHER_LDFLAGS = (
					"-framework",
					SenTestingKit,
				);
				PRODUCT_NAME = "Quick LocalizableTests";
				TEST_HOST = "$(BUNDLE_LOADER)";
				WRAPPER_EXTENSION = octest;
			};
			name = Release;
		};
/* End XCBuildConfiguration section */

/* Begin XCConfigurationList section */
		69525C721336B73B00C433C3 /* Build configuration list for PBXProject "Quick Localizable" */ = {
			isa = XCConfigurationList;
			buildConfigurations = (
				69525CA81336B73C00C433C3 /* Debug */,
				69525CA91336B73C00C433C3 /* Release */,
			);
			defaultConfigurationIsVisible = 0;
			defaultConfigurationName = Release;
		};
		69525CAA1336B73C00C433C3 /* Build configuration list for PBXNativeTarget "Quick Localizable" */ = {
			isa = XCConfigurationList;
			buildConfigurations = (
				69525CAB1336B73C00C433C3 /* Debug */,
				69525CAC1336B73C00C433C3 /* Release */,
			);
			defaultConfigurationIsVisible = 0;
			defaultConfigurationName = Release;
		};
		69525CAD1336B73C00C433C3 /* Build configuration list for PBXNativeTarget "Quick LocalizableTests" */ = {
			isa = XCConfigurationList;
			buildConfigurations = (
				69525CAE1336B73C00C433C3 /* Debug */,
				69525CAF1336B73C00C433C3 /* Release */,
			);
			defaultConfigurationIsVisible = 0;
			defaultConfigurationName = Release;
		};
/* End XCConfigurationList section */
	};
	rootObject = 69525C6F1336B73B00C433C3 /* Project object */;
}
